
Microsoft Visual Studio Solution File, Format Version 12.00
# Visual Studio 15
VisualStudioVersion = 15.0.26730.15
MinimumVisualStudioVersion = 10.0.40219.1
Project("{FAE04EC0-301F-11D3-BF4B-00C04F79EFBC}") = "MvcSample", "MvcSample\MvcSample.csproj", "{CDE885C6-E4FD-4C94-9A25-FE61D6D41FE3}"
EndProject
Global
	GlobalSection(SolutionConfigurationPlatforms) = preSolution
		Debug|Any CPU = Debug|Any CPU
		Release|Any CPU = Release|Any CPU
	EndGlobalSection
	GlobalSection(ProjectConfigurationPlatforms) = postSolution
		{CDE885C6-E4FD-4C94-9A25-FE61D6D41FE3}.Debug|Any CPU.ActiveCfg = Debug|Any CPU
		{CDE885C6-E4FD-4C94-9A25-FE61D6D41FE3}.Debug|Any CPU.Build.0 = Debug|Any CPU
		{CDE885C6-E4FD-4C94-9A25-FE61D6D41FE3}.Release|Any CPU.ActiveCfg = Release|Any CPU
		{CDE885C6-E4FD-4C94-9A25-FE61D6D41FE3}.Release|Any CPU.Build.0 = Release|Any CPU
	EndGlobalSection
	GlobalSection(SolutionProperties) = preSolution
		HideSolutionNode = FALSE
	EndGlobalSection
	GlobalSection(ExtensibilityGlobals) = postSolution
		SolutionGuid = {CF24F5A8-04FD-4D99-8DE6-337D55AF6D03}
	EndGlobalSection
EndGlobal
